
Microsoft Visual Studio Solution File, Format Version 12.00
# Visual Studio Version 16
VisualStudioVersion = 16.0.31624.102
MinimumVisualStudioVersion = 10.0.40219.1
Project("{9A19103F-16F7-4668-BE54-9A1E7A4F7556}") = "eShopSolution.WebApp", "eShopSolution\eShopSolution.WebApp.csproj", "{ABAD3562-39AF-4673-A933-73D7C68B3109}"
EndProject
Project("{2150E333-8FDC-42A3-9474-1A3956D46DE8}") = "Solution Items", "Solution Items", "{F86675BD-359F-47F8-91D0-F2596BE05E99}"
	ProjectSection(SolutionItems) = preProject
		README.md = README.md
	EndProjectSection
EndProject
Project("{9A19103F-16F7-4668-BE54-9A1E7A4F7556}") = "eShopSolution.Data", "eShopSolution.Data\eShopSolution.Data.csproj", "{7FAB3ABD-A549-4551-8256-C1A9B6BAF923}"
EndProject
Project("{9A19103F-16F7-4668-BE54-9A1E7A4F7556}") = "eShopSolution.Application", "eShopSolution.Application\eShopSolution.Application.csproj", "{9CBE04D4-CA72-40FF-BA19-B3EE191D59F8}"
EndProject
Project("{9A19103F-16F7-4668-BE54-9A1E7A4F7556}") = "eShopSolution.Utilities", "eShopSolution.Utilities\eShopSolution.Utilities.csproj", "{C3039EEB-EBED-4405-BF12-F8C0E65AB83C}"
EndProject
Project("{9A19103F-16F7-4668-BE54-9A1E7A4F7556}") = "eShopSolution.ViewModels", "eShopSolution.ViewModels\eShopSolution.ViewModels.csproj", "{59038540-6EC1-4B41-BEFB-148CAFCAAA86}"
EndProject
Project("{9A19103F-16F7-4668-BE54-9A1E7A4F7556}") = "eShopSolution.BackendApi", "eShopSolution.BackendApi\eShopSolution.BackendApi.csproj", "{2AB92573-AF42-4BB0-8088-CB6F0C8BA279}"
EndProject
Project("{9A19103F-16F7-4668-BE54-9A1E7A4F7556}") = "eShopSolution.AdminApp", "eShopSolution.AdminApp\eShopSolution.AdminApp.csproj", "{DF0F8211-614C-49D4-91C1-D6B77BE4D232}"
EndProject
Global
	GlobalSection(SolutionConfigurationPlatforms) = preSolution
		Debug|Any CPU = Debug|Any CPU
		Release|Any CPU = Release|Any CPU
	EndGlobalSection
	GlobalSection(ProjectConfigurationPlatforms) = postSolution
		{ABAD3562-39AF-4673-A933-73D7C68B3109}.Debug|Any CPU.ActiveCfg = Debug|Any CPU
		{ABAD3562-39AF-4673-A933-73D7C68B3109}.Debug|Any CPU.Build.0 = Debug|Any CPU
		{ABAD3562-39AF-4673-A933-73D7C68B3109}.Release|Any CPU.ActiveCfg = Release|Any CPU
		{ABAD3562-39AF-4673-A933-73D7C68B3109}.Release|Any CPU.Build.0 = Release|Any CPU
		{7FAB3ABD-A549-4551-8256-C1A9B6BAF923}.Debug|Any CPU.ActiveCfg = Debug|Any CPU
		{7FAB3ABD-A549-4551-8256-C1A9B6BAF923}.Debug|Any CPU.Build.0 = Debug|Any CPU
		{7FAB3ABD-A549-4551-8256-C1A9B6BAF923}.Release|Any CPU.ActiveCfg = Release|Any CPU
		{7FAB3ABD-A549-4551-8256-C1A9B6BAF923}.Release|Any CPU.Build.0 = Release|Any CPU
		{9CBE04D4-CA72-40FF-BA19-B3EE191D59F8}.Debug|Any CPU.ActiveCfg = Debug|Any CPU
		{9CBE04D4-CA72-40FF-BA19-B3EE191D59F8}.Debug|Any CPU.Build.0 = Debug|Any CPU
		{9CBE04D4-CA72-40FF-BA19-B3EE191D59F8}.Release|Any CPU.ActiveCfg = Release|Any CPU
		{9CBE04D4-CA72-40FF-BA19-B3EE191D59F8}.Release|Any CPU.Build.0 = Release|Any CPU
		{C3039EEB-EBED-4405-BF12-F8C0E65AB83C}.Debug|Any CPU.ActiveCfg = Debug|Any CPU
		{C3039EEB-EBED-4405-BF12-F8C0E65AB83C}.Debug|Any CPU.Build.0 = Debug|Any CPU
		{C3039EEB-EBED-4405-BF12-F8C0E65AB83C}.Release|Any CPU.ActiveCfg = Release|Any CPU
		{C3039EEB-EBED-4405-BF12-F8C0E65AB83C}.Release|Any CPU.Build.0 = Release|Any CPU
		{59038540-6EC1-4B41-BEFB-148CAFCAAA86}.Debug|Any CPU.ActiveCfg = Debug|Any CPU
		{59038540-6EC1-4B41-BEFB-148CAFCAAA86}.Debug|Any CPU.Build.0 = Debug|Any CPU
		{59038540-6EC1-4B41-BEFB-148CAFCAAA86}.Release|Any CPU.ActiveCfg = Release|Any CPU
		{59038540-6EC1-4B41-BEFB-148CAFCAAA86}.Release|Any CPU.Build.0 = Release|Any CPU
		{2AB92573-AF42-4BB0-8088-CB6F0C8BA279}.Debug|Any CPU.ActiveCfg = Debug|Any CPU
		{2AB92573-AF42-4BB0-8088-CB6F0C8BA279}.Debug|Any CPU.Build.0 = Debug|Any CPU
		{2AB92573-AF42-4BB0-8088-CB6F0C8BA279}.Release|Any CPU.ActiveCfg = Release|Any CPU
		{2AB92573-AF42-4BB0-8088-CB6F0C8BA279}.Release|Any CPU.Build.0 = Release|Any CPU
		{DF0F8211-614C-49D4-91C1-D6B77BE4D232}.Debug|Any CPU.ActiveCfg = Debug|Any CPU
		{DF0F8211-614C-49D4-91C1-D6B77BE4D232}.Debug|Any CPU.Build.0 = Debug|Any CPU
		{DF0F8211-614C-49D4-91C1-D6B77BE4D232}.Release|Any CPU.ActiveCfg = Release|Any CPU
		{DF0F8211-614C-49D4-91C1-D6B77BE4D232}.Release|Any CPU.Build.0 = Release|Any CPU
	EndGlobalSection
	GlobalSection(SolutionProperties) = preSolution
		HideSolutionNode = FALSE
	EndGlobalSection
	GlobalSection(ExtensibilityGlobals) = postSolution
		SolutionGuid = {B3ABC40C-F339-4A1B-B565-501065F5D3D2}
	EndGlobalSection
EndGlobal
